
Microsoft Visual Studio Solution File, Format Version 12.00
# Visual Studio 14
VisualStudioVersion = 14.0.23107.0
MinimumVisualStudioVersion = 10.0.40219.1
Project("{FAE04EC0-301F-11D3-BF4B-00C04F79EFBC}") = "Cnaws", "Cnaws\Cnaws.csproj", "{E629A227-782D-47A6-B49B-31FF16CCBEB2}"
EndProject
Project("{FAE04EC0-301F-11D3-BF4B-00C04F79EFBC}") = "Cnaws.Web", "Cnaws.Web\Cnaws.Web.csproj", "{EF5FBD6B-C513-458A-9AA0-19FFA1C64ABA}"
EndProject
Project("{FAE04EC0-301F-11D3-BF4B-00C04F79EFBC}") = "Cnaws.Web.Templates", "Cnaws.Web.Templates\Cnaws.Web.Templates.csproj", "{6DDCB7F1-0C80-4D85-82D0-5109AB1EF9E3}"
EndProject
Project("{E24C65DC-7377-472B-9ABA-BC803B73C61A}") = "Website", "http://localhost:13251", "{EBE1F873-9864-4F15-85E0-13AA8685B480}"
	ProjectSection(WebsiteProperties) = preProject
		SccProjectName = ""
		SccAuxPath = ""
		SccLocalPath = ""
		SccProvider = ""
		UseIISExpress = "true"
		TargetFrameworkMoniker = ".NETFramework,Version%3Dv4.5.2"
		ProjectReferences = "{E629A227-782D-47A6-B49B-31FF16CCBEB2}|Cnaws.dll;{6DDCB7F1-0C80-4D85-82D0-5109AB1EF9E3}|Cnaws.Web.Templates.dll;{1C0696F0-1736-4B61-B581-A038ED1F67E5}|Cnaws.Json.dll;{39955889-1404-4a20-a3e9-956537528b7e}|Cnaws.Resources.dll;{1a9d5661-cf49-47f6-a265-d33df86a27db}|Cnaws.Management.dll;{dbe3b4bf-c373-4a22-a26e-3eac4d6d7ca7}|Cnaws.Passport.dll;{ef5fbd6b-c513-458a-9aa0-19ffa1c64aba}|Cnaws.Web.dll;{ce902b7f-b059-4762-8b53-eecbcb1b831c}|Cnaws.Data.dll;{8610bf60-1ad1-4377-8f6d-9e8ba00653a5}|Cnaws.Web.Installer.dll;{ef1f1c74-98f9-4dfb-9b34-91da224a8b12}|Cnaws.Article.dll;{ba567622-6a5b-4e2d-b78d-5d33bf15b463}|Cnaws.Website.dll;{5DB3F3E1-7ADE-42AF-A1DE-D1B3A9C5D63E}|Cnaws.Verification.dll;{4fa51704-50b8-48bc-889e-a3ea2c723258}|Cnaws.Area.dll;{0b7a74d4-93d4-4eb0-914b-4d05e52db800}|Cnaws.Ad.dll;{59b443ee-b8f3-4abe-bb65-39c7cce1e92c}|Cnaws.Feedback.dll;{e5a49da2-a221-4675-b64d-f994c0634a00}|Cnaws.FriendLink.dll;{131e704c-50ca-4f69-bb87-99ca369bafe5}|Cnaws.Pay.dll;{aad69600-adff-4798-947b-e30d651901d0}|Cnaws.Product.dll;{b59c85e1-a3fd-4250-ab23-63ca29ab64c5}|Cnaws.Sms.dll;{C3B14328-1449-4A20-B022-466394085247}|Cnaws.Statistic.dll;"
		Debug.AspNetCompiler.VirtualPath = "/localhost_13251"
		Debug.AspNetCompiler.PhysicalPath = "Website\"
		Debug.AspNetCompiler.TargetPath = "PrecompiledWeb\localhost_13251\"
		Debug.AspNetCompiler.Updateable = "true"
		Debug.AspNetCompiler.ForceOverwrite = "true"
		Debug.AspNetCompiler.FixedNames = "false"
		Debug.AspNetCompiler.Debug = "True"
		Release.AspNetCompiler.VirtualPath = "/localhost_13251"
		Release.AspNetCompiler.PhysicalPath = "Website\"
		Release.AspNetCompiler.TargetPath = "PrecompiledWeb\localhost_13251\"
		Release.AspNetCompiler.Updateable = "true"
		Release.AspNetCompiler.ForceOverwrite = "true"
		Release.AspNetCompiler.FixedNames = "false"
		Release.AspNetCompiler.Debug = "False"
		SlnRelativePath = "Website\"
		DefaultWebSiteLanguage = "Visual C#"
	EndProjectSection
EndProject
Project("{FAE04EC0-301F-11D3-BF4B-00C04F79EFBC}") = "Cnaws.Json", "Cnaws.Json\Cnaws.Json.csproj", "{1C0696F0-1736-4B61-B581-A038ED1F67E5}"
EndProject
Project("{FAE04EC0-301F-11D3-BF4B-00C04F79EFBC}") = "Cnaws.Data", "Cnaws.Data\Cnaws.Data.csproj", "{CE902B7F-B059-4762-8B53-EECBCB1B831C}"
EndProject
Project("{FAE04EC0-301F-11D3-BF4B-00C04F79EFBC}") = "Cnaws.Passport", "Cnaws.Passport\Cnaws.Passport.csproj", "{DBE3B4BF-C373-4A22-A26E-3EAC4D6D7CA7}"
EndProject
Project("{FAE04EC0-301F-11D3-BF4B-00C04F79EFBC}") = "Cnaws.Management", "Cnaws.Management\Cnaws.Management.csproj", "{1A9D5661-CF49-47F6-A265-D33DF86A27DB}"
EndProject
Project("{FAE04EC0-301F-11D3-BF4B-00C04F79EFBC}") = "Cnaws.Resources", "Cnaws.Resources\Cnaws.Resources.csproj", "{39955889-1404-4A20-A3E9-956537528B7E}"
EndProject
Project("{FAE04EC0-301F-11D3-BF4B-00C04F79EFBC}") = "Cnaws.Web.Installer", "Cnaws.Web.Installer\Cnaws.Web.Installer.csproj", "{8610BF60-1AD1-4377-8F6D-9E8BA00653A5}"
EndProject
Project("{FAE04EC0-301F-11D3-BF4B-00C04F79EFBC}") = "Cnaws.Article", "Cnaws.Article\Cnaws.Article.csproj", "{EF1F1C74-98F9-4DFB-9B34-91DA224A8B12}"
EndProject
Project("{FAE04EC0-301F-11D3-BF4B-00C04F79EFBC}") = "Cnaws.Verification", "Cnaws.Verification\Cnaws.Verification.csproj", "{5DB3F3E1-7ADE-42AF-A1DE-D1B3A9C5D63E}"
EndProject
Project("{FAE04EC0-301F-11D3-BF4B-00C04F79EFBC}") = "Cnaws.Website", "Cnaws.Website\Cnaws.Website.csproj", "{BA567622-6A5B-4E2D-B78D-5D33BF15B463}"
EndProject
Project("{FAE04EC0-301F-11D3-BF4B-00C04F79EFBC}") = "Cnaws.Feedback", "Cnaws.Feedback\Cnaws.Feedback.csproj", "{59B443EE-B8F3-4ABE-BB65-39C7CCE1E92C}"
EndProject
Project("{FAE04EC0-301F-11D3-BF4B-00C04F79EFBC}") = "Cnaws.Area", "Cnaws.Area\Cnaws.Area.csproj", "{4FA51704-50B8-48BC-889E-A3EA2C723258}"
EndProject
Project("{FAE04EC0-301F-11D3-BF4B-00C04F79EFBC}") = "ConsoleTest", "ConsoleTest\ConsoleTest.csproj", "{B54002B5-8643-469C-A83C-902E2DE7E34D}"
EndProject
Project("{FAE04EC0-301F-11D3-BF4B-00C04F79EFBC}") = "Cnaws.FriendLink", "Cnaws.FriendLink\Cnaws.FriendLink.csproj", "{E5A49DA2-A221-4675-B64D-F994C0634A00}"
EndProject
Project("{FAE04EC0-301F-11D3-BF4B-00C04F79EFBC}") = "Cnaws.Ad", "Cnaws.Ad\Cnaws.Ad.csproj", "{0B7A74D4-93D4-4EB0-914B-4D05E52DB800}"
EndProject
Project("{2150E333-8FDC-42A3-9474-1A3956D46DE8}") = "Test", "Test", "{7DB842DB-F8BB-44BA-BAF6-8E04821C2AA1}"
EndProject
Project("{FAE04EC0-301F-11D3-BF4B-00C04F79EFBC}") = "ApiHelper", "ApiHelper\ApiHelper.csproj", "{121EDC58-B0E8-491F-9273-4E5E74CD2255}"
EndProject
Project("{FAE04EC0-301F-11D3-BF4B-00C04F79EFBC}") = "AopSdk", "AopSdk\AopSdk.csproj", "{9C11CAE5-5188-4E71-825B-68FC3135728A}"
EndProject
Project("{FAE04EC0-301F-11D3-BF4B-00C04F79EFBC}") = "Cnaws.Pay", "Cnaws.Pay\Cnaws.Pay.csproj", "{131E704C-50CA-4F69-BB87-99CA369BAFE5}"
EndProject
Project("{2150E333-8FDC-42A3-9474-1A3956D46DE8}") = "_Test", "_Test", "{31988F6E-6584-492E-BF56-5EB58F8012EF}"
EndProject
Project("{FAE04EC0-301F-11D3-BF4B-00C04F79EFBC}") = "Cnaws.Product", "Cnaws.Product\Cnaws.Product.csproj", "{AAD69600-ADFF-4798-947B-E30D651901D0}"
EndProject
Project("{FAE04EC0-301F-11D3-BF4B-00C04F79EFBC}") = "Cnaws.Sms", "Cnaws.Sms\Cnaws.Sms.csproj", "{B59C85E1-A3FD-4250-AB23-63CA29AB64C5}"
EndProject
Project("{FAE04EC0-301F-11D3-BF4B-00C04F79EFBC}") = "Cnaws.Banner", "Cnaws.Banner\Cnaws.Banner.csproj", "{C9F656E0-AEB4-44AB-A1A3-614F48381938}"
EndProject
Project("{FAE04EC0-301F-11D3-BF4B-00C04F79EFBC}") = "Cnaws.Statistic", "Cnaws.Statistic\Cnaws.Statistic.csproj", "{C3B14328-1449-4A20-B022-466394085247}"
EndProject
Project("{FAE04EC0-301F-11D3-BF4B-00C04F79EFBC}") = "Cnaws.Comment", "Cnaws.Comment\Cnaws.Comment.csproj", "{4C969C3E-B557-4427-96F6-445C684E51BF}"
EndProject
Project("{FAE04EC0-301F-11D3-BF4B-00C04F79EFBC}") = "Cnaws.Html", "Cnaws.Html\Cnaws.Html.csproj", "{0CFE34CD-8A53-4F8F-A236-652194A185AB}"
EndProject
Project("{FAE04EC0-301F-11D3-BF4B-00C04F79EFBC}") = "Cnaws.Xml", "Cnaws.Xml\Cnaws.Xml.csproj", "{16CAD396-7F53-4950-9218-945C367F9786}"
EndProject
Project("{FAE04EC0-301F-11D3-BF4B-00C04F79EFBC}") = "Cnaws.Css", "Cnaws.Css\Cnaws.Css.csproj", "{2827D304-5A7A-47E5-83C9-FC431E2BA20F}"
EndProject
Project("{FAE04EC0-301F-11D3-BF4B-00C04F79EFBC}") = "Cnaws.Cpp", "Cnaws.Cpp\Cnaws.Cpp.csproj", "{A69859E6-4954-4174-905F-DC760E519A01}"
EndProject
Project("{E24C65DC-7377-472B-9ABA-BC803B73C61A}") = "Message", "Message\", "{BF016D4F-BF13-420F-9D05-6548D0EA1563}"
	ProjectSection(WebsiteProperties) = preProject
		TargetFrameworkMoniker = ".NETFramework,Version%3Dv4.5.2"
		ProjectReferences = "{ef5fbd6b-c513-458a-9aa0-19ffa1c64aba}|Cnaws.Web.dll;{CE902B7F-B059-4762-8B53-EECBCB1B831C}|Cnaws.Data.dll;{E629A227-782D-47A6-B49B-31FF16CCBEB2}|Cnaws.dll;{1C0696F0-1736-4B61-B581-A038ED1F67E5}|Cnaws.Json.dll;{6DDCB7F1-0C80-4D85-82D0-5109AB1EF9E3}|Cnaws.Web.Templates.dll;"
		Debug.AspNetCompiler.VirtualPath = "/localhost_12247"
		Debug.AspNetCompiler.PhysicalPath = "Message\"
		Debug.AspNetCompiler.TargetPath = "PrecompiledWeb\localhost_12247\"
		Debug.AspNetCompiler.Updateable = "true"
		Debug.AspNetCompiler.ForceOverwrite = "true"
		Debug.AspNetCompiler.FixedNames = "false"
		Debug.AspNetCompiler.Debug = "True"
		Release.AspNetCompiler.VirtualPath = "/localhost_12247"
		Release.AspNetCompiler.PhysicalPath = "Message\"
		Release.AspNetCompiler.TargetPath = "PrecompiledWeb\localhost_12247\"
		Release.AspNetCompiler.Updateable = "true"
		Release.AspNetCompiler.ForceOverwrite = "true"
		Release.AspNetCompiler.FixedNames = "false"
		Release.AspNetCompiler.Debug = "False"
		VWDPort = "12247"
		SlnRelativePath = "Message\"
		DefaultWebSiteLanguage = "Visual C#"
	EndProjectSection
EndProject
Project("{FAE04EC0-301F-11D3-BF4B-00C04F79EFBC}") = "Cnaws.Office", "Cnaws.Office\Cnaws.Office.csproj", "{214743F5-CCD0-45FA-AB6D-910F6C83CA9E}"
EndProject
Project("{FAE04EC0-301F-11D3-BF4B-00C04F79EFBC}") = "ProjectManager", "ProjectManager\ProjectManager.csproj", "{716C711A-B82E-4426-A461-0160413CAFE3}"
EndProject
Global
	GlobalSection(SolutionConfigurationPlatforms) = preSolution
		Debug|Any CPU = Debug|Any CPU
		Debug|Mixed Platforms = Debug|Mixed Platforms
		Debug|Win32 = Debug|Win32
		Release|Any CPU = Release|Any CPU
		Release|Mixed Platforms = Release|Mixed Platforms
		Release|Win32 = Release|Win32
	EndGlobalSection
	GlobalSection(ProjectConfigurationPlatforms) = postSolution
		{E629A227-782D-47A6-B49B-31FF16CCBEB2}.Debug|Any CPU.ActiveCfg = Debug|Any CPU
		{E629A227-782D-47A6-B49B-31FF16CCBEB2}.Debug|Any CPU.Build.0 = Debug|Any CPU
		{E629A227-782D-47A6-B49B-31FF16CCBEB2}.Debug|Mixed Platforms.ActiveCfg = Debug|Any CPU
		{E629A227-782D-47A6-B49B-31FF16CCBEB2}.Debug|Mixed Platforms.Build.0 = Debug|Any CPU
		{E629A227-782D-47A6-B49B-31FF16CCBEB2}.Debug|Win32.ActiveCfg = Debug|Any CPU
		{E629A227-782D-47A6-B49B-31FF16CCBEB2}.Release|Any CPU.ActiveCfg = Release|Any CPU
		{E629A227-782D-47A6-B49B-31FF16CCBEB2}.Release|Any CPU.Build.0 = Release|Any CPU
		{E629A227-782D-47A6-B49B-31FF16CCBEB2}.Release|Mixed Platforms.ActiveCfg = Release|Any CPU
		{E629A227-782D-47A6-B49B-31FF16CCBEB2}.Release|Mixed Platforms.Build.0 = Release|Any CPU
		{E629A227-782D-47A6-B49B-31FF16CCBEB2}.Release|Win32.ActiveCfg = Release|Any CPU
		{EF5FBD6B-C513-458A-9AA0-19FFA1C64ABA}.Debug|Any CPU.ActiveCfg = Debug|Any CPU
		{EF5FBD6B-C513-458A-9AA0-19FFA1C64ABA}.Debug|Any CPU.Build.0 = Debug|Any CPU
		{EF5FBD6B-C513-458A-9AA0-19FFA1C64ABA}.Debug|Mixed Platforms.ActiveCfg = Debug|Any CPU
		{EF5FBD6B-C513-458A-9AA0-19FFA1C64ABA}.Debug|Mixed Platforms.Build.0 = Debug|Any CPU
		{EF5FBD6B-C513-458A-9AA0-19FFA1C64ABA}.Debug|Win32.ActiveCfg = Debug|Any CPU
		{EF5FBD6B-C513-458A-9AA0-19FFA1C64ABA}.Release|Any CPU.ActiveCfg = Release|Any CPU
		{EF5FBD6B-C513-458A-9AA0-19FFA1C64ABA}.Release|Any CPU.Build.0 = Release|Any CPU
		{EF5FBD6B-C513-458A-9AA0-19FFA1C64ABA}.Release|Mixed Platforms.ActiveCfg = Release|Any CPU
		{EF5FBD6B-C513-458A-9AA0-19FFA1C64ABA}.Release|Mixed Platforms.Build.0 = Release|Any CPU
		{EF5FBD6B-C513-458A-9AA0-19FFA1C64ABA}.Release|Win32.ActiveCfg = Release|Any CPU
		{6DDCB7F1-0C80-4D85-82D0-5109AB1EF9E3}.Debug|Any CPU.ActiveCfg = Debug|Any CPU
		{6DDCB7F1-0C80-4D85-82D0-5109AB1EF9E3}.Debug|Any CPU.Build.0 = Debug|Any CPU
		{6DDCB7F1-0C80-4D85-82D0-5109AB1EF9E3}.Debug|Mixed Platforms.ActiveCfg = Debug|Any CPU
		{6DDCB7F1-0C80-4D85-82D0-5109AB1EF9E3}.Debug|Mixed Platforms.Build.0 = Debug|Any CPU
		{6DDCB7F1-0C80-4D85-82D0-5109AB1EF9E3}.Debug|Win32.ActiveCfg = Debug|Any CPU
		{6DDCB7F1-0C80-4D85-82D0-5109AB1EF9E3}.Release|Any CPU.ActiveCfg = Release|Any CPU
		{6DDCB7F1-0C80-4D85-82D0-5109AB1EF9E3}.Release|Any CPU.Build.0 = Release|Any CPU
		{6DDCB7F1-0C80-4D85-82D0-5109AB1EF9E3}.Release|Mixed Platforms.ActiveCfg = Release|Any CPU
		{6DDCB7F1-0C80-4D85-82D0-5109AB1EF9E3}.Release|Mixed Platforms.Build.0 = Release|Any CPU
		{6DDCB7F1-0C80-4D85-82D0-5109AB1EF9E3}.Release|Win32.ActiveCfg = Release|Any CPU
		{EBE1F873-9864-4F15-85E0-13AA8685B480}.Debug|Any CPU.ActiveCfg = Debug|Any CPU
		{EBE1F873-9864-4F15-85E0-13AA8685B480}.Debug|Any CPU.Build.0 = Debug|Any CPU
		{EBE1F873-9864-4F15-85E0-13AA8685B480}.Debug|Mixed Platforms.ActiveCfg = Debug|Any CPU
		{EBE1F873-9864-4F15-85E0-13AA8685B480}.Debug|Mixed Platforms.Build.0 = Debug|Any CPU
		{EBE1F873-9864-4F15-85E0-13AA8685B480}.Debug|Win32.ActiveCfg = Debug|Any CPU
		{EBE1F873-9864-4F15-85E0-13AA8685B480}.Release|Any CPU.ActiveCfg = Debug|Any CPU
		{EBE1F873-9864-4F15-85E0-13AA8685B480}.Release|Any CPU.Build.0 = Debug|Any CPU
		{EBE1F873-9864-4F15-85E0-13AA8685B480}.Release|Mixed Platforms.ActiveCfg = Debug|Any CPU
		{EBE1F873-9864-4F15-85E0-13AA8685B480}.Release|Mixed Platforms.Build.0 = Debug|Any CPU
		{EBE1F873-9864-4F15-85E0-13AA8685B480}.Release|Win32.ActiveCfg = Debug|Any CPU
		{1C0696F0-1736-4B61-B581-A038ED1F67E5}.Debug|Any CPU.ActiveCfg = Debug|Any CPU
		{1C0696F0-1736-4B61-B581-A038ED1F67E5}.Debug|Any CPU.Build.0 = Debug|Any CPU
		{1C0696F0-1736-4B61-B581-A038ED1F67E5}.Debug|Mixed Platforms.ActiveCfg = Debug|Any CPU
		{1C0696F0-1736-4B61-B581-A038ED1F67E5}.Debug|Mixed Platforms.Build.0 = Debug|Any CPU
		{1C0696F0-1736-4B61-B581-A038ED1F67E5}.Debug|Win32.ActiveCfg = Debug|Any CPU
		{1C0696F0-1736-4B61-B581-A038ED1F67E5}.Release|Any CPU.ActiveCfg = Release|Any CPU
		{1C0696F0-1736-4B61-B581-A038ED1F67E5}.Release|Any CPU.Build.0 = Release|Any CPU
		{1C0696F0-1736-4B61-B581-A038ED1F67E5}.Release|Mixed Platforms.ActiveCfg = Release|Any CPU
		{1C0696F0-1736-4B61-B581-A038ED1F67E5}.Release|Mixed Platforms.Build.0 = Release|Any CPU
		{1C0696F0-1736-4B61-B581-A038ED1F67E5}.Release|Win32.ActiveCfg = Release|Any CPU
		{CE902B7F-B059-4762-8B53-EECBCB1B831C}.Debug|Any CPU.ActiveCfg = Debug|Any CPU
		{CE902B7F-B059-4762-8B53-EECBCB1B831C}.Debug|Any CPU.Build.0 = Debug|Any CPU
		{CE902B7F-B059-4762-8B53-EECBCB1B831C}.Debug|Mixed Platforms.ActiveCfg = Debug|Any CPU
		{CE902B7F-B059-4762-8B53-EECBCB1B831C}.Debug|Mixed Platforms.Build.0 = Debug|Any CPU
		{CE902B7F-B059-4762-8B53-EECBCB1B831C}.Debug|Win32.ActiveCfg = Debug|Any CPU
		{CE902B7F-B059-4762-8B53-EECBCB1B831C}.Release|Any CPU.ActiveCfg = Release|Any CPU
		{CE902B7F-B059-4762-8B53-EECBCB1B831C}.Release|Any CPU.Build.0 = Release|Any CPU
		{CE902B7F-B059-4762-8B53-EECBCB1B831C}.Release|Mixed Platforms.ActiveCfg = Release|Any CPU
		{CE902B7F-B059-4762-8B53-EECBCB1B831C}.Release|Mixed Platforms.Build.0 = Release|Any CPU
		{CE902B7F-B059-4762-8B53-EECBCB1B831C}.Release|Win32.ActiveCfg = Release|Any CPU
		{DBE3B4BF-C373-4A22-A26E-3EAC4D6D7CA7}.Debug|Any CPU.ActiveCfg = Debug|Any CPU
		{DBE3B4BF-C373-4A22-A26E-3EAC4D6D7CA7}.Debug|Any CPU.Build.0 = Debug|Any CPU
		{DBE3B4BF-C373-4A22-A26E-3EAC4D6D7CA7}.Debug|Mixed Platforms.ActiveCfg = Debug|Any CPU
		{DBE3B4BF-C373-4A22-A26E-3EAC4D6D7CA7}.Debug|Mixed Platforms.Build.0 = Debug|Any CPU
		{DBE3B4BF-C373-4A22-A26E-3EAC4D6D7CA7}.Debug|Win32.ActiveCfg = Debug|Any CPU
		{DBE3B4BF-C373-4A22-A26E-3EAC4D6D7CA7}.Release|Any CPU.ActiveCfg = Release|Any CPU
		{DBE3B4BF-C373-4A22-A26E-3EAC4D6D7CA7}.Release|Any CPU.Build.0 = Release|Any CPU
		{DBE3B4BF-C373-4A22-A26E-3EAC4D6D7CA7}.Release|Mixed Platforms.ActiveCfg = Release|Any CPU
		{DBE3B4BF-C373-4A22-A26E-3EAC4D6D7CA7}.Release|Mixed Platforms.Build.0 = Release|Any CPU
		{DBE3B4BF-C373-4A22-A26E-3EAC4D6D7CA7}.Release|Win32.ActiveCfg = Release|Any CPU
		{1A9D5661-CF49-47F6-A265-D33DF86A27DB}.Debug|Any CPU.ActiveCfg = Debug|Any CPU
		{1A9D5661-CF49-47F6-A265-D33DF86A27DB}.Debug|Any CPU.Build.0 = Debug|Any CPU
		{1A9D5661-CF49-47F6-A265-D33DF86A27DB}.Debug|Mixed Platforms.ActiveCfg = Debug|Any CPU
		{1A9D5661-CF49-47F6-A265-D33DF86A27DB}.Debug|Mixed Platforms.Build.0 = Debug|Any CPU
		{1A9D5661-CF49-47F6-A265-D33DF86A27DB}.Debug|Win32.ActiveCfg = Debug|Any CPU
		{1A9D5661-CF49-47F6-A265-D33DF86A27DB}.Release|Any CPU.ActiveCfg = Release|Any CPU
		{1A9D5661-CF49-47F6-A265-D33DF86A27DB}.Release|Any CPU.Build.0 = Release|Any CPU
		{1A9D5661-CF49-47F6-A265-D33DF86A27DB}.Release|Mixed Platforms.ActiveCfg = Release|Any CPU
		{1A9D5661-CF49-47F6-A265-D33DF86A27DB}.Release|Mixed Platforms.Build.0 = Release|Any CPU
		{1A9D5661-CF49-47F6-A265-D33DF86A27DB}.Release|Win32.ActiveCfg = Release|Any CPU
		{39955889-1404-4A20-A3E9-956537528B7E}.Debug|Any CPU.ActiveCfg = Debug|Any CPU
		{39955889-1404-4A20-A3E9-956537528B7E}.Debug|Any CPU.Build.0 = Debug|Any CPU
		{39955889-1404-4A20-A3E9-956537528B7E}.Debug|Mixed Platforms.ActiveCfg = Debug|Any CPU
		{39955889-1404-4A20-A3E9-956537528B7E}.Debug|Mixed Platforms.Build.0 = Debug|Any CPU
		{39955889-1404-4A20-A3E9-956537528B7E}.Debug|Win32.ActiveCfg = Debug|Any CPU
		{39955889-1404-4A20-A3E9-956537528B7E}.Release|Any CPU.ActiveCfg = Release|Any CPU
		{39955889-1404-4A20-A3E9-956537528B7E}.Release|Any CPU.Build.0 = Release|Any CPU
		{39955889-1404-4A20-A3E9-956537528B7E}.Release|Mixed Platforms.ActiveCfg = Release|Any CPU
		{39955889-1404-4A20-A3E9-956537528B7E}.Release|Mixed Platforms.Build.0 = Release|Any CPU
		{39955889-1404-4A20-A3E9-956537528B7E}.Release|Win32.ActiveCfg = Release|Any CPU
		{8610BF60-1AD1-4377-8F6D-9E8BA00653A5}.Debug|Any CPU.ActiveCfg = Debug|Any CPU
		{8610BF60-1AD1-4377-8F6D-9E8BA00653A5}.Debug|Any CPU.Build.0 = Debug|Any CPU
		{8610BF60-1AD1-4377-8F6D-9E8BA00653A5}.Debug|Mixed Platforms.ActiveCfg = Debug|Any CPU
		{8610BF60-1AD1-4377-8F6D-9E8BA00653A5}.Debug|Mixed Platforms.Build.0 = Debug|Any CPU
		{8610BF60-1AD1-4377-8F6D-9E8BA00653A5}.Debug|Win32.ActiveCfg = Debug|Any CPU
		{8610BF60-1AD1-4377-8F6D-9E8BA00653A5}.Release|Any CPU.ActiveCfg = Release|Any CPU
		{8610BF60-1AD1-4377-8F6D-9E8BA00653A5}.Release|Any CPU.Build.0 = Release|Any CPU
		{8610BF60-1AD1-4377-8F6D-9E8BA00653A5}.Release|Mixed Platforms.ActiveCfg = Release|Any CPU
		{8610BF60-1AD1-4377-8F6D-9E8BA00653A5}.Release|Mixed Platforms.Build.0 = Release|Any CPU
		{8610BF60-1AD1-4377-8F6D-9E8BA00653A5}.Release|Win32.ActiveCfg = Release|Any CPU
		{EF1F1C74-98F9-4DFB-9B34-91DA224A8B12}.Debug|Any CPU.ActiveCfg = Debug|Any CPU
		{EF1F1C74-98F9-4DFB-9B34-91DA224A8B12}.Debug|Any CPU.Build.0 = Debug|Any CPU
		{EF1F1C74-98F9-4DFB-9B34-91DA224A8B12}.Debug|Mixed Platforms.ActiveCfg = Debug|Any CPU
		{EF1F1C74-98F9-4DFB-9B34-91DA224A8B12}.Debug|Mixed Platforms.Build.0 = Debug|Any CPU
		{EF1F1C74-98F9-4DFB-9B34-91DA224A8B12}.Debug|Win32.ActiveCfg = Debug|Any CPU
		{EF1F1C74-98F9-4DFB-9B34-91DA224A8B12}.Release|Any CPU.ActiveCfg = Release|Any CPU
		{EF1F1C74-98F9-4DFB-9B34-91DA224A8B12}.Release|Any CPU.Build.0 = Release|Any CPU
		{EF1F1C74-98F9-4DFB-9B34-91DA224A8B12}.Release|Mixed Platforms.ActiveCfg = Release|Any CPU
		{EF1F1C74-98F9-4DFB-9B34-91DA224A8B12}.Release|Mixed Platforms.Build.0 = Release|Any CPU
		{EF1F1C74-98F9-4DFB-9B34-91DA224A8B12}.Release|Win32.ActiveCfg = Release|Any CPU
		{5DB3F3E1-7ADE-42AF-A1DE-D1B3A9C5D63E}.Debug|Any CPU.ActiveCfg = Debug|Any CPU
		{5DB3F3E1-7ADE-42AF-A1DE-D1B3A9C5D63E}.Debug|Any CPU.Build.0 = Debug|Any CPU
		{5DB3F3E1-7ADE-42AF-A1DE-D1B3A9C5D63E}.Debug|Mixed Platforms.ActiveCfg = Debug|Any CPU
		{5DB3F3E1-7ADE-42AF-A1DE-D1B3A9C5D63E}.Debug|Mixed Platforms.Build.0 = Debug|Any CPU
		{5DB3F3E1-7ADE-42AF-A1DE-D1B3A9C5D63E}.Debug|Win32.ActiveCfg = Debug|Any CPU
		{5DB3F3E1-7ADE-42AF-A1DE-D1B3A9C5D63E}.Release|Any CPU.ActiveCfg = Release|Any CPU
		{5DB3F3E1-7ADE-42AF-A1DE-D1B3A9C5D63E}.Release|Any CPU.Build.0 = Release|Any CPU
		{5DB3F3E1-7ADE-42AF-A1DE-D1B3A9C5D63E}.Release|Mixed Platforms.ActiveCfg = Release|Any CPU
		{5DB3F3E1-7ADE-42AF-A1DE-D1B3A9C5D63E}.Release|Mixed Platforms.Build.0 = Release|Any CPU
		{5DB3F3E1-7ADE-42AF-A1DE-D1B3A9C5D63E}.Release|Win32.ActiveCfg = Release|Any CPU
		{BA567622-6A5B-4E2D-B78D-5D33BF15B463}.Debug|Any CPU.ActiveCfg = Debug|Any CPU
		{BA567622-6A5B-4E2D-B78D-5D33BF15B463}.Debug|Any CPU.Build.0 = Debug|Any CPU
		{BA567622-6A5B-4E2D-B78D-5D33BF15B463}.Debug|Mixed Platforms.ActiveCfg = Debug|Any CPU
		{BA567622-6A5B-4E2D-B78D-5D33BF15B463}.Debug|Mixed Platforms.Build.0 = Debug|Any CPU
		{BA567622-6A5B-4E2D-B78D-5D33BF15B463}.Debug|Win32.ActiveCfg = Debug|Any CPU
		{BA567622-6A5B-4E2D-B78D-5D33BF15B463}.Release|Any CPU.ActiveCfg = Release|Any CPU
		{BA567622-6A5B-4E2D-B78D-5D33BF15B463}.Release|Any CPU.Build.0 = Release|Any CPU
		{BA567622-6A5B-4E2D-B78D-5D33BF15B463}.Release|Mixed Platforms.ActiveCfg = Release|Any CPU
		{BA567622-6A5B-4E2D-B78D-5D33BF15B463}.Release|Mixed Platforms.Build.0 = Release|Any CPU
		{BA567622-6A5B-4E2D-B78D-5D33BF15B463}.Release|Win32.ActiveCfg = Release|Any CPU
		{59B443EE-B8F3-4ABE-BB65-39C7CCE1E92C}.Debug|Any CPU.ActiveCfg = Debug|Any CPU
		{59B443EE-B8F3-4ABE-BB65-39C7CCE1E92C}.Debug|Any CPU.Build.0 = Debug|Any CPU
		{59B443EE-B8F3-4ABE-BB65-39C7CCE1E92C}.Debug|Mixed Platforms.ActiveCfg = Debug|Any CPU
		{59B443EE-B8F3-4ABE-BB65-39C7CCE1E92C}.Debug|Mixed Platforms.Build.0 = Debug|Any CPU
		{59B443EE-B8F3-4ABE-BB65-39C7CCE1E92C}.Debug|Win32.ActiveCfg = Debug|Any CPU
		{59B443EE-B8F3-4ABE-BB65-39C7CCE1E92C}.Release|Any CPU.ActiveCfg = Release|Any CPU
		{59B443EE-B8F3-4ABE-BB65-39C7CCE1E92C}.Release|Any CPU.Build.0 = Release|Any CPU
		{59B443EE-B8F3-4ABE-BB65-39C7CCE1E92C}.Release|Mixed Platforms.ActiveCfg = Release|Any CPU
		{59B443EE-B8F3-4ABE-BB65-39C7CCE1E92C}.Release|Mixed Platforms.Build.0 = Release|Any CPU
		{59B443EE-B8F3-4ABE-BB65-39C7CCE1E92C}.Release|Win32.ActiveCfg = Release|Any CPU
		{4FA51704-50B8-48BC-889E-A3EA2C723258}.Debug|Any CPU.ActiveCfg = Debug|Any CPU
		{4FA51704-50B8-48BC-889E-A3EA2C723258}.Debug|Any CPU.Build.0 = Debug|Any CPU
		{4FA51704-50B8-48BC-889E-A3EA2C723258}.Debug|Mixed Platforms.ActiveCfg = Debug|Any CPU
		{4FA51704-50B8-48BC-889E-A3EA2C723258}.Debug|Mixed Platforms.Build.0 = Debug|Any CPU
		{4FA51704-50B8-48BC-889E-A3EA2C723258}.Debug|Win32.ActiveCfg = Debug|Any CPU
		{4FA51704-50B8-48BC-889E-A3EA2C723258}.Debug|Win32.Build.0 = Debug|Any CPU
		{4FA51704-50B8-48BC-889E-A3EA2C723258}.Release|Any CPU.ActiveCfg = Release|Any CPU
		{4FA51704-50B8-48BC-889E-A3EA2C723258}.Release|Any CPU.Build.0 = Release|Any CPU
		{4FA51704-50B8-48BC-889E-A3EA2C723258}.Release|Mixed Platforms.ActiveCfg = Release|Any CPU
		{4FA51704-50B8-48BC-889E-A3EA2C723258}.Release|Mixed Platforms.Build.0 = Release|Any CPU
		{4FA51704-50B8-48BC-889E-A3EA2C723258}.Release|Win32.ActiveCfg = Release|Any CPU
		{4FA51704-50B8-48BC-889E-A3EA2C723258}.Release|Win32.Build.0 = Release|Any CPU
		{B54002B5-8643-469C-A83C-902E2DE7E34D}.Debug|Any CPU.ActiveCfg = Debug|Any CPU
		{B54002B5-8643-469C-A83C-902E2DE7E34D}.Debug|Any CPU.Build.0 = Debug|Any CPU
		{B54002B5-8643-469C-A83C-902E2DE7E34D}.Debug|Mixed Platforms.ActiveCfg = Debug|Any CPU
		{B54002B5-8643-469C-A83C-902E2DE7E34D}.Debug|Mixed Platforms.Build.0 = Debug|Any CPU
		{B54002B5-8643-469C-A83C-902E2DE7E34D}.Debug|Win32.ActiveCfg = Debug|Any CPU
		{B54002B5-8643-469C-A83C-902E2DE7E34D}.Debug|Win32.Build.0 = Debug|Any CPU
		{B54002B5-8643-469C-A83C-902E2DE7E34D}.Release|Any CPU.ActiveCfg = Release|Any CPU
		{B54002B5-8643-469C-A83C-902E2DE7E34D}.Release|Any CPU.Build.0 = Release|Any CPU
		{B54002B5-8643-469C-A83C-902E2DE7E34D}.Release|Mixed Platforms.ActiveCfg = Release|Any CPU
		{B54002B5-8643-469C-A83C-902E2DE7E34D}.Release|Mixed Platforms.Build.0 = Release|Any CPU
		{B54002B5-8643-469C-A83C-902E2DE7E34D}.Release|Win32.ActiveCfg = Release|Any CPU
		{B54002B5-8643-469C-A83C-902E2DE7E34D}.Release|Win32.Build.0 = Release|Any CPU
		{E5A49DA2-A221-4675-B64D-F994C0634A00}.Debug|Any CPU.ActiveCfg = Debug|Any CPU
		{E5A49DA2-A221-4675-B64D-F994C0634A00}.Debug|Any CPU.Build.0 = Debug|Any CPU
		{E5A49DA2-A221-4675-B64D-F994C0634A00}.Debug|Mixed Platforms.ActiveCfg = Debug|Any CPU
		{E5A49DA2-A221-4675-B64D-F994C0634A00}.Debug|Mixed Platforms.Build.0 = Debug|Any CPU
		{E5A49DA2-A221-4675-B64D-F994C0634A00}.Debug|Win32.ActiveCfg = Debug|Any CPU
		{E5A49DA2-A221-4675-B64D-F994C0634A00}.Debug|Win32.Build.0 = Debug|Any CPU
		{E5A49DA2-A221-4675-B64D-F994C0634A00}.Release|Any CPU.ActiveCfg = Release|Any CPU
		{E5A49DA2-A221-4675-B64D-F994C0634A00}.Release|Any CPU.Build.0 = Release|Any CPU
		{E5A49DA2-A221-4675-B64D-F994C0634A00}.Release|Mixed Platforms.ActiveCfg = Release|Any CPU
		{E5A49DA2-A221-4675-B64D-F994C0634A00}.Release|Mixed Platforms.Build.0 = Release|Any CPU
		{E5A49DA2-A221-4675-B64D-F994C0634A00}.Release|Win32.ActiveCfg = Release|Any CPU
		{E5A49DA2-A221-4675-B64D-F994C0634A00}.Release|Win32.Build.0 = Release|Any CPU
		{0B7A74D4-93D4-4EB0-914B-4D05E52DB800}.Debug|Any CPU.ActiveCfg = Debug|Any CPU
		{0B7A74D4-93D4-4EB0-914B-4D05E52DB800}.Debug|Any CPU.Build.0 = Debug|Any CPU
		{0B7A74D4-93D4-4EB0-914B-4D05E52DB800}.Debug|Mixed Platforms.ActiveCfg = Debug|Any CPU
		{0B7A74D4-93D4-4EB0-914B-4D05E52DB800}.Debug|Mixed Platforms.Build.0 = Debug|Any CPU
		{0B7A74D4-93D4-4EB0-914B-4D05E52DB800}.Debug|Win32.ActiveCfg = Debug|Any CPU
		{0B7A74D4-93D4-4EB0-914B-4D05E52DB800}.Debug|Win32.Build.0 = Debug|Any CPU
		{0B7A74D4-93D4-4EB0-914B-4D05E52DB800}.Release|Any CPU.ActiveCfg = Release|Any CPU
		{0B7A74D4-93D4-4EB0-914B-4D05E52DB800}.Release|Any CPU.Build.0 = Release|Any CPU
		{0B7A74D4-93D4-4EB0-914B-4D05E52DB800}.Release|Mixed Platforms.ActiveCfg = Release|Any CPU
		{0B7A74D4-93D4-4EB0-914B-4D05E52DB800}.Release|Mixed Platforms.Build.0 = Release|Any CPU
		{0B7A74D4-93D4-4EB0-914B-4D05E52DB800}.Release|Win32.ActiveCfg = Release|Any CPU
		{0B7A74D4-93D4-4EB0-914B-4D05E52DB800}.Release|Win32.Build.0 = Release|Any CPU
		{121EDC58-B0E8-491F-9273-4E5E74CD2255}.Debug|Any CPU.ActiveCfg = Debug|Any CPU
		{121EDC58-B0E8-491F-9273-4E5E74CD2255}.Debug|Any CPU.Build.0 = Debug|Any CPU
		{121EDC58-B0E8-491F-9273-4E5E74CD2255}.Debug|Mixed Platforms.ActiveCfg = Debug|Any CPU
		{121EDC58-B0E8-491F-9273-4E5E74CD2255}.Debug|Mixed Platforms.Build.0 = Debug|Any CPU
		{121EDC58-B0E8-491F-9273-4E5E74CD2255}.Debug|Win32.ActiveCfg = Debug|Any CPU
		{121EDC58-B0E8-491F-9273-4E5E74CD2255}.Debug|Win32.Build.0 = Debug|Any CPU
		{121EDC58-B0E8-491F-9273-4E5E74CD2255}.Release|Any CPU.ActiveCfg = Release|Any CPU
		{121EDC58-B0E8-491F-9273-4E5E74CD2255}.Release|Any CPU.Build.0 = Release|Any CPU
		{121EDC58-B0E8-491F-9273-4E5E74CD2255}.Release|Mixed Platforms.ActiveCfg = Release|Any CPU
		{121EDC58-B0E8-491F-9273-4E5E74CD2255}.Release|Mixed Platforms.Build.0 = Release|Any CPU
		{121EDC58-B0E8-491F-9273-4E5E74CD2255}.Release|Win32.ActiveCfg = Release|Any CPU
		{121EDC58-B0E8-491F-9273-4E5E74CD2255}.Release|Win32.Build.0 = Release|Any CPU
		{9C11CAE5-5188-4E71-825B-68FC3135728A}.Debug|Any CPU.ActiveCfg = Debug|Any CPU
		{9C11CAE5-5188-4E71-825B-68FC3135728A}.Debug|Any CPU.Build.0 = Debug|Any CPU
		{9C11CAE5-5188-4E71-825B-68FC3135728A}.Debug|Mixed Platforms.ActiveCfg = Debug|Any CPU
		{9C11CAE5-5188-4E71-825B-68FC3135728A}.Debug|Mixed Platforms.Build.0 = Debug|Any CPU
		{9C11CAE5-5188-4E71-825B-68FC3135728A}.Debug|Win32.ActiveCfg = Debug|Any CPU
		{9C11CAE5-5188-4E71-825B-68FC3135728A}.Debug|Win32.Build.0 = Debug|Any CPU
		{9C11CAE5-5188-4E71-825B-68FC3135728A}.Release|Any CPU.ActiveCfg = Release|Any CPU
		{9C11CAE5-5188-4E71-825B-68FC3135728A}.Release|Any CPU.Build.0 = Release|Any CPU
		{9C11CAE5-5188-4E71-825B-68FC3135728A}.Release|Mixed Platforms.ActiveCfg = Release|Any CPU
		{9C11CAE5-5188-4E71-825B-68FC3135728A}.Release|Mixed Platforms.Build.0 = Release|Any CPU
		{9C11CAE5-5188-4E71-825B-68FC3135728A}.Release|Win32.ActiveCfg = Release|Any CPU
		{9C11CAE5-5188-4E71-825B-68FC3135728A}.Release|Win32.Build.0 = Release|Any CPU
		{131E704C-50CA-4F69-BB87-99CA369BAFE5}.Debug|Any CPU.ActiveCfg = Debug|Any CPU
		{131E704C-50CA-4F69-BB87-99CA369BAFE5}.Debug|Any CPU.Build.0 = Debug|Any CPU
		{131E704C-50CA-4F69-BB87-99CA369BAFE5}.Debug|Mixed Platforms.ActiveCfg = Debug|Any CPU
		{131E704C-50CA-4F69-BB87-99CA369BAFE5}.Debug|Mixed Platforms.Build.0 = Debug|Any CPU
		{131E704C-50CA-4F69-BB87-99CA369BAFE5}.Debug|Win32.ActiveCfg = Debug|Any CPU
		{131E704C-50CA-4F69-BB87-99CA369BAFE5}.Debug|Win32.Build.0 = Debug|Any CPU
		{131E704C-50CA-4F69-BB87-99CA369BAFE5}.Release|Any CPU.ActiveCfg = Release|Any CPU
		{131E704C-50CA-4F69-BB87-99CA369BAFE5}.Release|Any CPU.Build.0 = Release|Any CPU
		{131E704C-50CA-4F69-BB87-99CA369BAFE5}.Release|Mixed Platforms.ActiveCfg = Release|Any CPU
		{131E704C-50CA-4F69-BB87-99CA369BAFE5}.Release|Mixed Platforms.Build.0 = Release|Any CPU
		{131E704C-50CA-4F69-BB87-99CA369BAFE5}.Release|Win32.ActiveCfg = Release|Any CPU
		{131E704C-50CA-4F69-BB87-99CA369BAFE5}.Release|Win32.Build.0 = Release|Any CPU
		{AAD69600-ADFF-4798-947B-E30D651901D0}.Debug|Any CPU.ActiveCfg = Debug|Any CPU
		{AAD69600-ADFF-4798-947B-E30D651901D0}.Debug|Any CPU.Build.0 = Debug|Any CPU
		{AAD69600-ADFF-4798-947B-E30D651901D0}.Debug|Mixed Platforms.ActiveCfg = Debug|Any CPU
		{AAD69600-ADFF-4798-947B-E30D651901D0}.Debug|Mixed Platforms.Build.0 = Debug|Any CPU
		{AAD69600-ADFF-4798-947B-E30D651901D0}.Debug|Win32.ActiveCfg = Debug|Any CPU
		{AAD69600-ADFF-4798-947B-E30D651901D0}.Debug|Win32.Build.0 = Debug|Any CPU
		{AAD69600-ADFF-4798-947B-E30D651901D0}.Release|Any CPU.ActiveCfg = Release|Any CPU
		{AAD69600-ADFF-4798-947B-E30D651901D0}.Release|Any CPU.Build.0 = Release|Any CPU
		{AAD69600-ADFF-4798-947B-E30D651901D0}.Release|Mixed Platforms.ActiveCfg = Release|Any CPU
		{AAD69600-ADFF-4798-947B-E30D651901D0}.Release|Mixed Platforms.Build.0 = Release|Any CPU
		{AAD69600-ADFF-4798-947B-E30D651901D0}.Release|Win32.ActiveCfg = Release|Any CPU
		{AAD69600-ADFF-4798-947B-E30D651901D0}.Release|Win32.Build.0 = Release|Any CPU
		{B59C85E1-A3FD-4250-AB23-63CA29AB64C5}.Debug|Any CPU.ActiveCfg = Debug|Any CPU
		{B59C85E1-A3FD-4250-AB23-63CA29AB64C5}.Debug|Any CPU.Build.0 = Debug|Any CPU
		{B59C85E1-A3FD-4250-AB23-63CA29AB64C5}.Debug|Mixed Platforms.ActiveCfg = Debug|Any CPU
		{B59C85E1-A3FD-4250-AB23-63CA29AB64C5}.Debug|Mixed Platforms.Build.0 = Debug|Any CPU
		{B59C85E1-A3FD-4250-AB23-63CA29AB64C5}.Debug|Win32.ActiveCfg = Debug|Any CPU
		{B59C85E1-A3FD-4250-AB23-63CA29AB64C5}.Debug|Win32.Build.0 = Debug|Any CPU
		{B59C85E1-A3FD-4250-AB23-63CA29AB64C5}.Release|Any CPU.ActiveCfg = Release|Any CPU
		{B59C85E1-A3FD-4250-AB23-63CA29AB64C5}.Release|Any CPU.Build.0 = Release|Any CPU
		{B59C85E1-A3FD-4250-AB23-63CA29AB64C5}.Release|Mixed Platforms.ActiveCfg = Release|Any CPU
		{B59C85E1-A3FD-4250-AB23-63CA29AB64C5}.Release|Mixed Platforms.Build.0 = Release|Any CPU
		{B59C85E1-A3FD-4250-AB23-63CA29AB64C5}.Release|Win32.ActiveCfg = Release|Any CPU
		{B59C85E1-A3FD-4250-AB23-63CA29AB64C5}.Release|Win32.Build.0 = Release|Any CPU
		{C9F656E0-AEB4-44AB-A1A3-614F48381938}.Debug|Any CPU.ActiveCfg = Debug|Any CPU
		{C9F656E0-AEB4-44AB-A1A3-614F48381938}.Debug|Any CPU.Build.0 = Debug|Any CPU
		{C9F656E0-AEB4-44AB-A1A3-614F48381938}.Debug|Mixed Platforms.ActiveCfg = Debug|Any CPU
		{C9F656E0-AEB4-44AB-A1A3-614F48381938}.Debug|Mixed Platforms.Build.0 = Debug|Any CPU
		{C9F656E0-AEB4-44AB-A1A3-614F48381938}.Debug|Win32.ActiveCfg = Debug|Any CPU
		{C9F656E0-AEB4-44AB-A1A3-614F48381938}.Debug|Win32.Build.0 = Debug|Any CPU
		{C9F656E0-AEB4-44AB-A1A3-614F48381938}.Release|Any CPU.ActiveCfg = Release|Any CPU
		{C9F656E0-AEB4-44AB-A1A3-614F48381938}.Release|Any CPU.Build.0 = Release|Any CPU
		{C9F656E0-AEB4-44AB-A1A3-614F48381938}.Release|Mixed Platforms.ActiveCfg = Release|Any CPU
		{C9F656E0-AEB4-44AB-A1A3-614F48381938}.Release|Mixed Platforms.Build.0 = Release|Any CPU
		{C9F656E0-AEB4-44AB-A1A3-614F48381938}.Release|Win32.ActiveCfg = Release|Any CPU
		{C9F656E0-AEB4-44AB-A1A3-614F48381938}.Release|Win32.Build.0 = Release|Any CPU
		{C3B14328-1449-4A20-B022-466394085247}.Debug|Any CPU.ActiveCfg = Debug|Any CPU
		{C3B14328-1449-4A20-B022-466394085247}.Debug|Any CPU.Build.0 = Debug|Any CPU
		{C3B14328-1449-4A20-B022-466394085247}.Debug|Mixed Platforms.ActiveCfg = Debug|Any CPU
		{C3B14328-1449-4A20-B022-466394085247}.Debug|Mixed Platforms.Build.0 = Debug|Any CPU
		{C3B14328-1449-4A20-B022-466394085247}.Debug|Win32.ActiveCfg = Debug|Any CPU
		{C3B14328-1449-4A20-B022-466394085247}.Debug|Win32.Build.0 = Debug|Any CPU
		{C3B14328-1449-4A20-B022-466394085247}.Release|Any CPU.ActiveCfg = Release|Any CPU
		{C3B14328-1449-4A20-B022-466394085247}.Release|Any CPU.Build.0 = Release|Any CPU
		{C3B14328-1449-4A20-B022-466394085247}.Release|Mixed Platforms.ActiveCfg = Release|Any CPU
		{C3B14328-1449-4A20-B022-466394085247}.Release|Mixed Platforms.Build.0 = Release|Any CPU
		{C3B14328-1449-4A20-B022-466394085247}.Release|Win32.ActiveCfg = Release|Any CPU
		{C3B14328-1449-4A20-B022-466394085247}.Release|Win32.Build.0 = Release|Any CPU
		{4C969C3E-B557-4427-96F6-445C684E51BF}.Debug|Any CPU.ActiveCfg = Debug|Any CPU
		{4C969C3E-B557-4427-96F6-445C684E51BF}.Debug|Any CPU.Build.0 = Debug|Any CPU
		{4C969C3E-B557-4427-96F6-445C684E51BF}.Debug|Mixed Platforms.ActiveCfg = Debug|Any CPU
		{4C969C3E-B557-4427-96F6-445C684E51BF}.Debug|Mixed Platforms.Build.0 = Debug|Any CPU
		{4C969C3E-B557-4427-96F6-445C684E51BF}.Debug|Win32.ActiveCfg = Debug|Any CPU
		{4C969C3E-B557-4427-96F6-445C684E51BF}.Debug|Win32.Build.0 = Debug|Any CPU
		{4C969C3E-B557-4427-96F6-445C684E51BF}.Release|Any CPU.ActiveCfg = Release|Any CPU
		{4C969C3E-B557-4427-96F6-445C684E51BF}.Release|Any CPU.Build.0 = Release|Any CPU
		{4C969C3E-B557-4427-96F6-445C684E51BF}.Release|Mixed Platforms.ActiveCfg = Release|Any CPU
		{4C969C3E-B557-4427-96F6-445C684E51BF}.Release|Mixed Platforms.Build.0 = Release|Any CPU
		{4C969C3E-B557-4427-96F6-445C684E51BF}.Release|Win32.ActiveCfg = Release|Any CPU
		{4C969C3E-B557-4427-96F6-445C684E51BF}.Release|Win32.Build.0 = Release|Any CPU
		{0CFE34CD-8A53-4F8F-A236-652194A185AB}.Debug|Any CPU.ActiveCfg = Debug|Any CPU
		{0CFE34CD-8A53-4F8F-A236-652194A185AB}.Debug|Any CPU.Build.0 = Debug|Any CPU
		{0CFE34CD-8A53-4F8F-A236-652194A185AB}.Debug|Mixed Platforms.ActiveCfg = Debug|Any CPU
		{0CFE34CD-8A53-4F8F-A236-652194A185AB}.Debug|Mixed Platforms.Build.0 = Debug|Any CPU
		{0CFE34CD-8A53-4F8F-A236-652194A185AB}.Debug|Win32.ActiveCfg = Debug|Any CPU
		{0CFE34CD-8A53-4F8F-A236-652194A185AB}.Debug|Win32.Build.0 = Debug|Any CPU
		{0CFE34CD-8A53-4F8F-A236-652194A185AB}.Release|Any CPU.ActiveCfg = Release|Any CPU
		{0CFE34CD-8A53-4F8F-A236-652194A185AB}.Release|Any CPU.Build.0 = Release|Any CPU
		{0CFE34CD-8A53-4F8F-A236-652194A185AB}.Release|Mixed Platforms.ActiveCfg = Release|Any CPU
		{0CFE34CD-8A53-4F8F-A236-652194A185AB}.Release|Mixed Platforms.Build.0 = Release|Any CPU
		{0CFE34CD-8A53-4F8F-A236-652194A185AB}.Release|Win32.ActiveCfg = Release|Any CPU
		{0CFE34CD-8A53-4F8F-A236-652194A185AB}.Release|Win32.Build.0 = Release|Any CPU
		{16CAD396-7F53-4950-9218-945C367F9786}.Debug|Any CPU.ActiveCfg = Debug|Any CPU
		{16CAD396-7F53-4950-9218-945C367F9786}.Debug|Any CPU.Build.0 = Debug|Any CPU
		{16CAD396-7F53-4950-9218-945C367F9786}.Debug|Mixed Platforms.ActiveCfg = Debug|Any CPU
		{16CAD396-7F53-4950-9218-945C367F9786}.Debug|Mixed Platforms.Build.0 = Debug|Any CPU
		{16CAD396-7F53-4950-9218-945C367F9786}.Debug|Win32.ActiveCfg = Debug|Any CPU
		{16CAD396-7F53-4950-9218-945C367F9786}.Debug|Win32.Build.0 = Debug|Any CPU
		{16CAD396-7F53-4950-9218-945C367F9786}.Release|Any CPU.ActiveCfg = Release|Any CPU
		{16CAD396-7F53-4950-9218-945C367F9786}.Release|Any CPU.Build.0 = Release|Any CPU
		{16CAD396-7F53-4950-9218-945C367F9786}.Release|Mixed Platforms.ActiveCfg = Release|Any CPU
		{16CAD396-7F53-4950-9218-945C367F9786}.Release|Mixed Platforms.Build.0 = Release|Any CPU
		{16CAD396-7F53-4950-9218-945C367F9786}.Release|Win32.ActiveCfg = Release|Any CPU
		{16CAD396-7F53-4950-9218-945C367F9786}.Release|Win32.Build.0 = Release|Any CPU
		{2827D304-5A7A-47E5-83C9-FC431E2BA20F}.Debug|Any CPU.ActiveCfg = Debug|Any CPU
		{2827D304-5A7A-47E5-83C9-FC431E2BA20F}.Debug|Any CPU.Build.0 = Debug|Any CPU
		{2827D304-5A7A-47E5-83C9-FC431E2BA20F}.Debug|Mixed Platforms.ActiveCfg = Debug|Any CPU
		{2827D304-5A7A-47E5-83C9-FC431E2BA20F}.Debug|Mixed Platforms.Build.0 = Debug|Any CPU
		{2827D304-5A7A-47E5-83C9-FC431E2BA20F}.Debug|Win32.ActiveCfg = Debug|Any CPU
		{2827D304-5A7A-47E5-83C9-FC431E2BA20F}.Debug|Win32.Build.0 = Debug|Any CPU
		{2827D304-5A7A-47E5-83C9-FC431E2BA20F}.Release|Any CPU.ActiveCfg = Release|Any CPU
		{2827D304-5A7A-47E5-83C9-FC431E2BA20F}.Release|Any CPU.Build.0 = Release|Any CPU
		{2827D304-5A7A-47E5-83C9-FC431E2BA20F}.Release|Mixed Platforms.ActiveCfg = Release|Any CPU
		{2827D304-5A7A-47E5-83C9-FC431E2BA20F}.Release|Mixed Platforms.Build.0 = Release|Any CPU
		{2827D304-5A7A-47E5-83C9-FC431E2BA20F}.Release|Win32.ActiveCfg = Release|Any CPU
		{2827D304-5A7A-47E5-83C9-FC431E2BA20F}.Release|Win32.Build.0 = Release|Any CPU
		{A69859E6-4954-4174-905F-DC760E519A01}.Debug|Any CPU.ActiveCfg = Debug|Any CPU
		{A69859E6-4954-4174-905F-DC760E519A01}.Debug|Any CPU.Build.0 = Debug|Any CPU
		{A69859E6-4954-4174-905F-DC760E519A01}.Debug|Mixed Platforms.ActiveCfg = Debug|Any CPU
		{A69859E6-4954-4174-905F-DC760E519A01}.Debug|Mixed Platforms.Build.0 = Debug|Any CPU
		{A69859E6-4954-4174-905F-DC760E519A01}.Debug|Win32.ActiveCfg = Debug|Any CPU
		{A69859E6-4954-4174-905F-DC760E519A01}.Debug|Win32.Build.0 = Debug|Any CPU
		{A69859E6-4954-4174-905F-DC760E519A01}.Release|Any CPU.ActiveCfg = Release|Any CPU
		{A69859E6-4954-4174-905F-DC760E519A01}.Release|Any CPU.Build.0 = Release|Any CPU
		{A69859E6-4954-4174-905F-DC760E519A01}.Release|Mixed Platforms.ActiveCfg = Release|Any CPU
		{A69859E6-4954-4174-905F-DC760E519A01}.Release|Mixed Platforms.Build.0 = Release|Any CPU
		{A69859E6-4954-4174-905F-DC760E519A01}.Release|Win32.ActiveCfg = Release|Any CPU
		{A69859E6-4954-4174-905F-DC760E519A01}.Release|Win32.Build.0 = Release|Any CPU
		{BF016D4F-BF13-420F-9D05-6548D0EA1563}.Debug|Any CPU.ActiveCfg = Debug|Any CPU
		{BF016D4F-BF13-420F-9D05-6548D0EA1563}.Debug|Any CPU.Build.0 = Debug|Any CPU
		{BF016D4F-BF13-420F-9D05-6548D0EA1563}.Debug|Mixed Platforms.ActiveCfg = Debug|Any CPU
		{BF016D4F-BF13-420F-9D05-6548D0EA1563}.Debug|Mixed Platforms.Build.0 = Debug|Any CPU
		{BF016D4F-BF13-420F-9D05-6548D0EA1563}.Debug|Win32.ActiveCfg = Debug|Any CPU
		{BF016D4F-BF13-420F-9D05-6548D0EA1563}.Debug|Win32.Build.0 = Debug|Any CPU
		{BF016D4F-BF13-420F-9D05-6548D0EA1563}.Release|Any CPU.ActiveCfg = Debug|Any CPU
		{BF016D4F-BF13-420F-9D05-6548D0EA1563}.Release|Any CPU.Build.0 = Debug|Any CPU
		{BF016D4F-BF13-420F-9D05-6548D0EA1563}.Release|Mixed Platforms.ActiveCfg = Debug|Any CPU
		{BF016D4F-BF13-420F-9D05-6548D0EA1563}.Release|Mixed Platforms.Build.0 = Debug|Any CPU
		{BF016D4F-BF13-420F-9D05-6548D0EA1563}.Release|Win32.ActiveCfg = Debug|Any CPU
		{BF016D4F-BF13-420F-9D05-6548D0EA1563}.Release|Win32.Build.0 = Debug|Any CPU
		{214743F5-CCD0-45FA-AB6D-910F6C83CA9E}.Debug|Any CPU.ActiveCfg = Debug|Any CPU
		{214743F5-CCD0-45FA-AB6D-910F6C83CA9E}.Debug|Any CPU.Build.0 = Debug|Any CPU
		{214743F5-CCD0-45FA-AB6D-910F6C83CA9E}.Debug|Mixed Platforms.ActiveCfg = Debug|Any CPU
		{214743F5-CCD0-45FA-AB6D-910F6C83CA9E}.Debug|Mixed Platforms.Build.0 = Debug|Any CPU
		{214743F5-CCD0-45FA-AB6D-910F6C83CA9E}.Debug|Win32.ActiveCfg = Debug|Any CPU
		{214743F5-CCD0-45FA-AB6D-910F6C83CA9E}.Debug|Win32.Build.0 = Debug|Any CPU
		{214743F5-CCD0-45FA-AB6D-910F6C83CA9E}.Release|Any CPU.ActiveCfg = Release|Any CPU
		{214743F5-CCD0-45FA-AB6D-910F6C83CA9E}.Release|Any CPU.Build.0 = Release|Any CPU
		{214743F5-CCD0-45FA-AB6D-910F6C83CA9E}.Release|Mixed Platforms.ActiveCfg = Release|Any CPU
		{214743F5-CCD0-45FA-AB6D-910F6C83CA9E}.Release|Mixed Platforms.Build.0 = Release|Any CPU
		{214743F5-CCD0-45FA-AB6D-910F6C83CA9E}.Release|Win32.ActiveCfg = Release|Any CPU
		{214743F5-CCD0-45FA-AB6D-910F6C83CA9E}.Release|Win32.Build.0 = Release|Any CPU
		{716C711A-B82E-4426-A461-0160413CAFE3}.Debug|Any CPU.ActiveCfg = Debug|Any CPU
		{716C711A-B82E-4426-A461-0160413CAFE3}.Debug|Any CPU.Build.0 = Debug|Any CPU
		{716C711A-B82E-4426-A461-0160413CAFE3}.Debug|Mixed Platforms.ActiveCfg = Debug|Any CPU
		{716C711A-B82E-4426-A461-0160413CAFE3}.Debug|Mixed Platforms.Build.0 = Debug|Any CPU
		{716C711A-B82E-4426-A461-0160413CAFE3}.Debug|Win32.ActiveCfg = Debug|Any CPU
		{716C711A-B82E-4426-A461-0160413CAFE3}.Debug|Win32.Build.0 = Debug|Any CPU
		{716C711A-B82E-4426-A461-0160413CAFE3}.Release|Any CPU.ActiveCfg = Release|Any CPU
		{716C711A-B82E-4426-A461-0160413CAFE3}.Release|Any CPU.Build.0 = Release|Any CPU
		{716C711A-B82E-4426-A461-0160413CAFE3}.Release|Mixed Platforms.ActiveCfg = Release|Any CPU
		{716C711A-B82E-4426-A461-0160413CAFE3}.Release|Mixed Platforms.Build.0 = Release|Any CPU
		{716C711A-B82E-4426-A461-0160413CAFE3}.Release|Win32.ActiveCfg = Release|Any CPU
		{716C711A-B82E-4426-A461-0160413CAFE3}.Release|Win32.Build.0 = Release|Any CPU
	EndGlobalSection
	GlobalSection(SolutionProperties) = preSolution
		HideSolutionNode = FALSE
	EndGlobalSection
EndGlobal
